
Microsoft Visual Studio Solution File, Format Version 12.00
# Visual Studio Version 17
VisualStudioVersion = 17.9.34607.119
MinimumVisualStudioVersion = 10.0.40219.1
Project("{FAE04EC0-301F-11D3-BF4B-00C04F79EFBC}") = "ModuleTwoAssignment", "ModuleTwoAssignment.csproj", "{2794E891-C6B7-4DA8-BA68-A675B45016D5}"
EndProject
Global
	GlobalSection(SolutionConfigurationPlatforms) = preSolution
		Debug|Any CPU = Debug|Any CPU
		Release|Any CPU = Release|Any CPU
	EndGlobalSection
	GlobalSection(ProjectConfigurationPlatforms) = postSolution
		{2794E891-C6B7-4DA8-BA68-A675B45016D5}.Debug|Any CPU.ActiveCfg = Debug|Any CPU
		{2794E891-C6B7-4DA8-BA68-A675B45016D5}.Debug|Any CPU.Build.0 = Debug|Any CPU
		{2794E891-C6B7-4DA8-BA68-A675B45016D5}.Release|Any CPU.ActiveCfg = Release|Any CPU
		{2794E891-C6B7-4DA8-BA68-A675B45016D5}.Release|Any CPU.Build.0 = Release|Any CPU
	EndGlobalSection
	GlobalSection(SolutionProperties) = preSolution
		HideSolutionNode = FALSE
	EndGlobalSection
	GlobalSection(ExtensibilityGlobals) = postSolution
		SolutionGuid = {CF569765-6F55-40C4-A716-6C9C481041B1}
	EndGlobalSection
EndGlobal
